// !$*UTF8*$!
{
	archiveVersion = 1;
	classes = {
	};
	objectVersion = 55;
	objects = {

/* Begin PBXBuildFile section */
		8BD24CCB28A6022B0067C610 /* AppDelegate.swift in Sources */ = {isa = PBXBuildFile; fileRef = 8BD24CCA28A6022B0067C610 /* AppDelegate.swift */; };
		AF5BD97528A38F6C003D524F /* AddToDoItemViewModelTests.swift in Sources */ = {isa = PBXBuildFile; fileRef = AF5BD97428A38F6C003D524F /* AddToDoItemViewModelTests.swift */; };
		AF5BD97728A391D5003D524F /* TodoItem.swift in Sources */ = {isa = PBXBuildFile; fileRef = AF5BD97628A391D5003D524F /* TodoItem.swift */; };
		AF5BD97928A39210003D524F /* TodoListViewModel.swift in Sources */ = {isa = PBXBuildFile; fileRef = AF5BD97828A39210003D524F /* TodoListViewModel.swift */; };
		AF5BD97B28A3932D003D524F /* AddToDoItemViewModel.swift in Sources */ = {isa = PBXBuildFile; fileRef = AF5BD97A28A3932D003D524F /* AddToDoItemViewModel.swift */; };
		AF5BD97D28A3A1DE003D524F /* TodoDetailViewModelTests.swift in Sources */ = {isa = PBXBuildFile; fileRef = AF5BD97C28A3A1DE003D524F /* TodoDetailViewModelTests.swift */; };
		AF5BD97F28A3A2CD003D524F /* TodoDetailViewModel.swift in Sources */ = {isa = PBXBuildFile; fileRef = AF5BD97E28A3A2CD003D524F /* TodoDetailViewModel.swift */; };
		AF5BD98128A4AAE3003D524F /* TodoItemTests.swift in Sources */ = {isa = PBXBuildFile; fileRef = AF5BD98028A4AAE3003D524F /* TodoItemTests.swift */; };
		AF5BD98328A4AFE4003D524F /* AddTodoItemViewTests.swift in Sources */ = {isa = PBXBuildFile; fileRef = AF5BD98228A4AFE4003D524F /* AddTodoItemViewTests.swift */; };
		AF5BD98728A63739003D524F /* TodoDetailViewTests.swift in Sources */ = {isa = PBXBuildFile; fileRef = AF5BD98628A63739003D524F /* TodoDetailViewTests.swift */; };
		AF5BD98928A63A79003D524F /* TodoDetailView.swift in Sources */ = {isa = PBXBuildFile; fileRef = AF5BD98828A63A79003D524F /* TodoDetailView.swift */; };
		B202A01A28A23E7300F7F39A /* ToDoAPPApp.swift in Sources */ = {isa = PBXBuildFile; fileRef = B202A01928A23E7300F7F39A /* ToDoAPPApp.swift */; };
		B202A01C28A23E7300F7F39A /* TodoListView.swift in Sources */ = {isa = PBXBuildFile; fileRef = B202A01B28A23E7300F7F39A /* TodoListView.swift */; };
		B202A01E28A23E7600F7F39A /* Assets.xcassets in Resources */ = {isa = PBXBuildFile; fileRef = B202A01D28A23E7600F7F39A /* Assets.xcassets */; };
		B202A02128A23E7600F7F39A /* Preview Assets.xcassets in Resources */ = {isa = PBXBuildFile; fileRef = B202A02028A23E7600F7F39A /* Preview Assets.xcassets */; };
		B202A02B28A23E7700F7F39A /* ToDoListViewModelTests.swift in Sources */ = {isa = PBXBuildFile; fileRef = B202A02A28A23E7700F7F39A /* ToDoListViewModelTests.swift */; };
		B202A03528A23E7700F7F39A /* TodoListViewUITests.swift in Sources */ = {isa = PBXBuildFile; fileRef = B202A03428A23E7700F7F39A /* TodoListViewUITests.swift */; };
		B202A04A28A4E50900F7F39A /* AddTodoItemView.swift in Sources */ = {isa = PBXBuildFile; fileRef = B202A04928A4E50900F7F39A /* AddTodoItemView.swift */; };
		B202A04D28A5035E00F7F39A /* XCUIElement+Ex.swift in Sources */ = {isa = PBXBuildFile; fileRef = B202A04C28A5035D00F7F39A /* XCUIElement+Ex.swift */; };
		B202A08D28A9E7FA00F7F39A /* TodoCell.swift in Sources */ = {isa = PBXBuildFile; fileRef = B202A08C28A9E7FA00F7F39A /* TodoCell.swift */; };
/* End PBXBuildFile section */

/* Begin PBXContainerItemProxy section */
		B202A02728A23E7700F7F39A /* PBXContainerItemProxy */ = {
			isa = PBXContainerItemProxy;
			containerPortal = B202A00E28A23E7300F7F39A /* Project object */;
			proxyType = 1;
			remoteGlobalIDString = B202A01528A23E7300F7F39A;
			remoteInfo = ToDoAPP;
		};
		B202A03128A23E7700F7F39A /* PBXContainerItemProxy */ = {
			isa = PBXContainerItemProxy;
			containerPortal = B202A00E28A23E7300F7F39A /* Project object */;
			proxyType = 1;
			remoteGlobalIDString = B202A01528A23E7300F7F39A;
			remoteInfo = ToDoAPP;
		};
/* End PBXContainerItemProxy section */

/* Begin PBXFileReference section */
		8BD24CC828A5F6850067C610 /* README.md */ = {isa = PBXFileReference; fileEncoding = 4; lastKnownFileType = net.daringfireball.markdown; path = README.md; sourceTree = "<group>"; };
		8BD24CCA28A6022B0067C610 /* AppDelegate.swift */ = {isa = PBXFileReference; lastKnownFileType = sourcecode.swift; path = AppDelegate.swift; sourceTree = "<group>"; };
		AF5BD97428A38F6C003D524F /* AddToDoItemViewModelTests.swift */ = {isa = PBXFileReference; lastKnownFileType = sourcecode.swift; path = AddToDoItemViewModelTests.swift; sourceTree = "<group>"; };
		AF5BD97628A391D5003D524F /* TodoItem.swift */ = {isa = PBXFileReference; lastKnownFileType = sourcecode.swift; path = TodoItem.swift; sourceTree = "<group>"; };
		AF5BD97828A39210003D524F /* TodoListViewModel.swift */ = {isa = PBXFileReference; lastKnownFileType = sourcecode.swift; path = TodoListViewModel.swift; sourceTree = "<group>"; };
		AF5BD97A28A3932D003D524F /* AddToDoItemViewModel.swift */ = {isa = PBXFileReference; lastKnownFileType = sourcecode.swift; path = AddToDoItemViewModel.swift; sourceTree = "<group>"; };
		AF5BD97C28A3A1DE003D524F /* TodoDetailViewModelTests.swift */ = {isa = PBXFileReference; lastKnownFileType = sourcecode.swift; path = TodoDetailViewModelTests.swift; sourceTree = "<group>"; };
		AF5BD97E28A3A2CD003D524F /* TodoDetailViewModel.swift */ = {isa = PBXFileReference; lastKnownFileType = sourcecode.swift; path = TodoDetailViewModel.swift; sourceTree = "<group>"; };
		AF5BD98028A4AAE3003D524F /* TodoItemTests.swift */ = {isa = PBXFileReference; lastKnownFileType = sourcecode.swift; path = TodoItemTests.swift; sourceTree = "<group>"; };
		AF5BD98228A4AFE4003D524F /* AddTodoItemViewTests.swift */ = {isa = PBXFileReference; lastKnownFileType = sourcecode.swift; path = AddTodoItemViewTests.swift; sourceTree = "<group>"; };
		AF5BD98628A63739003D524F /* TodoDetailViewTests.swift */ = {isa = PBXFileReference; lastKnownFileType = sourcecode.swift; path = TodoDetailViewTests.swift; sourceTree = "<group>"; };
		AF5BD98828A63A79003D524F /* TodoDetailView.swift */ = {isa = PBXFileReference; lastKnownFileType = sourcecode.swift; path = TodoDetailView.swift; sourceTree = "<group>"; };
		B202A01628A23E7300F7F39A /* ToDoAPP.app */ = {isa = PBXFileReference; explicitFileType = wrapper.application; includeInIndex = 0; path = ToDoAPP.app; sourceTree = BUILT_PRODUCTS_DIR; };
		B202A01928A23E7300F7F39A /* ToDoAPPApp.swift */ = {isa = PBXFileReference; lastKnownFileType = sourcecode.swift; path = ToDoAPPApp.swift; sourceTree = "<group>"; };
		B202A01B28A23E7300F7F39A /* TodoListView.swift */ = {isa = PBXFileReference; lastKnownFileType = sourcecode.swift; path = TodoListView.swift; sourceTree = "<group>"; };
		B202A01D28A23E7600F7F39A /* Assets.xcassets */ = {isa = PBXFileReference; lastKnownFileType = folder.assetcatalog; path = Assets.xcassets; sourceTree = "<group>"; };
		B202A02028A23E7600F7F39A /* Preview Assets.xcassets */ = {isa = PBXFileReference; lastKnownFileType = folder.assetcatalog; path = "Preview Assets.xcassets"; sourceTree = "<group>"; };
		B202A02628A23E7700F7F39A /* ToDoAPPTests.xctest */ = {isa = PBXFileReference; explicitFileType = wrapper.cfbundle; includeInIndex = 0; path = ToDoAPPTests.xctest; sourceTree = BUILT_PRODUCTS_DIR; };
		B202A02A28A23E7700F7F39A /* ToDoListViewModelTests.swift */ = {isa = PBXFileReference; lastKnownFileType = sourcecode.swift; path = ToDoListViewModelTests.swift; sourceTree = "<group>"; };
		B202A03028A23E7700F7F39A /* ToDoAPPUITests.xctest */ = {isa = PBXFileReference; explicitFileType = wrapper.cfbundle; includeInIndex = 0; path = ToDoAPPUITests.xctest; sourceTree = BUILT_PRODUCTS_DIR; };
		B202A03428A23E7700F7F39A /* TodoListViewUITests.swift */ = {isa = PBXFileReference; lastKnownFileType = sourcecode.swift; path = TodoListViewUITests.swift; sourceTree = "<group>"; };
		B202A04928A4E50900F7F39A /* AddTodoItemView.swift */ = {isa = PBXFileReference; lastKnownFileType = sourcecode.swift; path = AddTodoItemView.swift; sourceTree = "<group>"; };
		B202A04C28A5035D00F7F39A /* XCUIElement+Ex.swift */ = {isa = PBXFileReference; lastKnownFileType = sourcecode.swift; path = "XCUIElement+Ex.swift"; sourceTree = "<group>"; };
		B202A08C28A9E7FA00F7F39A /* TodoCell.swift */ = {isa = PBXFileReference; lastKnownFileType = sourcecode.swift; path = TodoCell.swift; sourceTree = "<group>"; };
/* End PBXFileReference section */

/* Begin PBXFrameworksBuildPhase section */
		B202A01328A23E7300F7F39A /* Frameworks */ = {
			isa = PBXFrameworksBuildPhase;
			buildActionMask = 2147483647;
			files = (
			);
			runOnlyForDeploymentPostprocessing = 0;
		};
		B202A02328A23E7700F7F39A /* Frameworks */ = {
			isa = PBXFrameworksBuildPhase;
			buildActionMask = 2147483647;
			files = (
			);
			runOnlyForDeploymentPostprocessing = 0;
		};
		B202A02D28A23E7700F7F39A /* Frameworks */ = {
			isa = PBXFrameworksBuildPhase;
			buildActionMask = 2147483647;
			files = (
			);
			runOnlyForDeploymentPostprocessing = 0;
		};
/* End PBXFrameworksBuildPhase section */

/* Begin PBXGroup section */
		B202A00D28A23E7300F7F39A = {
			isa = PBXGroup;
			children = (
				8BD24CC828A5F6850067C610 /* README.md */,
				B202A01828A23E7300F7F39A /* ToDoAPP */,
				B202A02928A23E7700F7F39A /* ToDoAPPTests */,
				B202A03328A23E7700F7F39A /* ToDoAPPUITests */,
				B202A01728A23E7300F7F39A /* Products */,
			);
			sourceTree = "<group>";
		};
		B202A01728A23E7300F7F39A /* Products */ = {
			isa = PBXGroup;
			children = (
				B202A01628A23E7300F7F39A /* ToDoAPP.app */,
				B202A02628A23E7700F7F39A /* ToDoAPPTests.xctest */,
				B202A03028A23E7700F7F39A /* ToDoAPPUITests.xctest */,
			);
			name = Products;
			sourceTree = "<group>";
		};
		B202A01828A23E7300F7F39A /* ToDoAPP */ = {
			isa = PBXGroup;
			children = (
				8BD24CCA28A6022B0067C610 /* AppDelegate.swift */,
				B202A01928A23E7300F7F39A /* ToDoAPPApp.swift */,
				B202A01B28A23E7300F7F39A /* TodoListView.swift */,
				B202A04928A4E50900F7F39A /* AddTodoItemView.swift */,
				B202A08C28A9E7FA00F7F39A /* TodoCell.swift */,
				B202A01D28A23E7600F7F39A /* Assets.xcassets */,
				B202A01F28A23E7600F7F39A /* Preview Content */,
				AF5BD97628A391D5003D524F /* TodoItem.swift */,
				AF5BD97828A39210003D524F /* TodoListViewModel.swift */,
				AF5BD97A28A3932D003D524F /* AddToDoItemViewModel.swift */,
				AF5BD97E28A3A2CD003D524F /* TodoDetailViewModel.swift */,
				AF5BD98828A63A79003D524F /* TodoDetailView.swift */,
			);
			path = ToDoAPP;
			sourceTree = "<group>";
		};
		B202A01F28A23E7600F7F39A /* Preview Content */ = {
			isa = PBXGroup;
			children = (
				B202A02028A23E7600F7F39A /* Preview Assets.xcassets */,
			);
			path = "Preview Content";
			sourceTree = "<group>";
		};
		B202A02928A23E7700F7F39A /* ToDoAPPTests */ = {
			isa = PBXGroup;
			children = (
				B202A02A28A23E7700F7F39A /* ToDoListViewModelTests.swift */,
				AF5BD97428A38F6C003D524F /* AddToDoItemViewModelTests.swift */,
				AF5BD97C28A3A1DE003D524F /* TodoDetailViewModelTests.swift */,
				AF5BD98028A4AAE3003D524F /* TodoItemTests.swift */,
			);
			path = ToDoAPPTests;
			sourceTree = "<group>";
		};
		B202A03328A23E7700F7F39A /* ToDoAPPUITests */ = {
			isa = PBXGroup;
			children = (
				B202A04B28A5034A00F7F39A /* Helper */,
				B202A03428A23E7700F7F39A /* TodoListViewUITests.swift */,
				AF5BD98228A4AFE4003D524F /* AddTodoItemViewTests.swift */,
				AF5BD98628A63739003D524F /* TodoDetailViewTests.swift */,
			);
			path = ToDoAPPUITests;
			sourceTree = "<group>";
		};
		B202A04B28A5034A00F7F39A /* Helper */ = {
			isa = PBXGroup;
			children = (
				B202A04C28A5035D00F7F39A /* XCUIElement+Ex.swift */,
			);
			path = Helper;
			sourceTree = "<group>";
		};
/* End PBXGroup section */

/* Begin PBXNativeTarget section */
		B202A01528A23E7300F7F39A /* ToDoAPP */ = {
			isa = PBXNativeTarget;
			buildConfigurationList = B202A03A28A23E7700F7F39A /* Build configuration list for PBXNativeTarget "ToDoAPP" */;
			buildPhases = (
				B202A01228A23E7300F7F39A /* Sources */,
				B202A01328A23E7300F7F39A /* Frameworks */,
				B202A01428A23E7300F7F39A /* Resources */,
			);
			buildRules = (
			);
			dependencies = (
			);
			name = ToDoAPP;
			productName = ToDoAPP;
			productReference = B202A01628A23E7300F7F39A /* ToDoAPP.app */;
			productType = "com.apple.product-type.application";
		};
		B202A02528A23E7700F7F39A /* ToDoAPPTests */ = {
			isa = PBXNativeTarget;
			buildConfigurationList = B202A03D28A23E7700F7F39A /* Build configuration list for PBXNativeTarget "ToDoAPPTests" */;
			buildPhases = (
				B202A02228A23E7700F7F39A /* Sources */,
				B202A02328A23E7700F7F39A /* Frameworks */,
				B202A02428A23E7700F7F39A /* Resources */,
			);
			buildRules = (
			);
			dependencies = (
				B202A02828A23E7700F7F39A /* PBXTargetDependency */,
			);
			name = ToDoAPPTests;
			productName = ToDoAPPTests;
			productReference = B202A02628A23E7700F7F39A /* ToDoAPPTests.xctest */;
			productType = "com.apple.product-type.bundle.unit-test";
		};
		B202A02F28A23E7700F7F39A /* ToDoAPPUITests */ = {
			isa = PBXNativeTarget;
			buildConfigurationList = B202A04028A23E7700F7F39A /* Build configuration list for PBXNativeTarget "ToDoAPPUITests" */;
			buildPhases = (
				B202A02C28A23E7700F7F39A /* Sources */,
				B202A02D28A23E7700F7F39A /* Frameworks */,
				B202A02E28A23E7700F7F39A /* Resources */,
			);
			buildRules = (
			);
			dependencies = (
				B202A03228A23E7700F7F39A /* PBXTargetDependency */,
			);
			name = ToDoAPPUITests;
			productName = ToDoAPPUITests;
			productReference = B202A03028A23E7700F7F39A /* ToDoAPPUITests.xctest */;
			productType = "com.apple.product-type.bundle.ui-testing";
		};
/* End PBXNativeTarget section */

/* Begin PBXProject section */
		B202A00E28A23E7300F7F39A /* Project object */ = {
			isa = PBXProject;
			attributes = {
				BuildIndependentTargetsInParallel = 1;
				LastSwiftUpdateCheck = 1320;
				LastUpgradeCheck = 1320;
				TargetAttributes = {
					B202A01528A23E7300F7F39A = {
						CreatedOnToolsVersion = 13.2.1;
					};
					B202A02528A23E7700F7F39A = {
						CreatedOnToolsVersion = 13.2.1;
						TestTargetID = B202A01528A23E7300F7F39A;
					};
					B202A02F28A23E7700F7F39A = {
						CreatedOnToolsVersion = 13.2.1;
						TestTargetID = B202A01528A23E7300F7F39A;
					};
				};
			};
			buildConfigurationList = B202A01128A23E7300F7F39A /* Build configuration list for PBXProject "ToDoAPP" */;
			compatibilityVersion = "Xcode 13.0";
			developmentRegion = en;
			hasScannedForEncodings = 0;
			knownRegions = (
				en,
				Base,
			);
			mainGroup = B202A00D28A23E7300F7F39A;
			productRefGroup = B202A01728A23E7300F7F39A /* Products */;
			projectDirPath = "";
			projectRoot = "";
			targets = (
				B202A01528A23E7300F7F39A /* ToDoAPP */,
				B202A02528A23E7700F7F39A /* ToDoAPPTests */,
				B202A02F28A23E7700F7F39A /* ToDoAPPUITests */,
			);
		};
/* End PBXProject section */

/* Begin PBXResourcesBuildPhase section */
		B202A01428A23E7300F7F39A /* Resources */ = {
			isa = PBXResourcesBuildPhase;
			buildActionMask = 2147483647;
			files = (
				B202A02128A23E7600F7F39A /* Preview Assets.xcassets in Resources */,
				B202A01E28A23E7600F7F39A /* Assets.xcassets in Resources */,
			);
			runOnlyForDeploymentPostprocessing = 0;
		};
		B202A02428A23E7700F7F39A /* Resources */ = {
			isa = PBXResourcesBuildPhase;
			buildActionMask = 2147483647;
			files = (
			);
			runOnlyForDeploymentPostprocessing = 0;
		};
		B202A02E28A23E7700F7F39A /* Resources */ = {
			isa = PBXResourcesBuildPhase;
			buildActionMask = 2147483647;
			files = (
			);
			runOnlyForDeploymentPostprocessing = 0;
		};
/* End PBXResourcesBuildPhase section */

/* Begin PBXSourcesBuildPhase section */
		B202A01228A23E7300F7F39A /* Sources */ = {
			isa = PBXSourcesBuildPhase;
			buildActionMask = 2147483647;
			files = (
				8BD24CCB28A6022B0067C610 /* AppDelegate.swift in Sources */,
				AF5BD98928A63A79003D524F /* TodoDetailView.swift in Sources */,
				AF5BD97B28A3932D003D524F /* AddToDoItemViewModel.swift in Sources */,
				B202A08D28A9E7FA00F7F39A /* TodoCell.swift in Sources */,
				AF5BD97F28A3A2CD003D524F /* TodoDetailViewModel.swift in Sources */,
				AF5BD97928A39210003D524F /* TodoListViewModel.swift in Sources */,
				B202A01C28A23E7300F7F39A /* TodoListView.swift in Sources */,
				AF5BD97728A391D5003D524F /* TodoItem.swift in Sources */,
				B202A01A28A23E7300F7F39A /* ToDoAPPApp.swift in Sources */,
				B202A04A28A4E50900F7F39A /* AddTodoItemView.swift in Sources */,
			);
			runOnlyForDeploymentPostprocessing = 0;
		};
		B202A02228A23E7700F7F39A /* Sources */ = {
			isa = PBXSourcesBuildPhase;
			buildActionMask = 2147483647;
			files = (
				B202A02B28A23E7700F7F39A /* ToDoListViewModelTests.swift in Sources */,
				AF5BD97528A38F6C003D524F /* AddToDoItemViewModelTests.swift in Sources */,
				AF5BD98128A4AAE3003D524F /* TodoItemTests.swift in Sources */,
				AF5BD97D28A3A1DE003D524F /* TodoDetailViewModelTests.swift in Sources */,
			);
			runOnlyForDeploymentPostprocessing = 0;
		};
		B202A02C28A23E7700F7F39A /* Sources */ = {
			isa = PBXSourcesBuildPhase;
			buildActionMask = 2147483647;
			files = (
				B202A03528A23E7700F7F39A /* TodoListViewUITests.swift in Sources */,
				AF5BD98328A4AFE4003D524F /* AddTodoItemViewTests.swift in Sources */,
				B202A04D28A5035E00F7F39A /* XCUIElement+Ex.swift in Sources */,
				AF5BD98728A63739003D524F /* TodoDetailViewTests.swift in Sources */,
			);
			runOnlyForDeploymentPostprocessing = 0;
		};
/* End PBXSourcesBuildPhase section */

/* Begin PBXTargetDependency section */
		B202A02828A23E7700F7F39A /* PBXTargetDependency */ = {
			isa = PBXTargetDependency;
			target = B202A01528A23E7300F7F39A /* ToDoAPP */;
			targetProxy = B202A02728A23E7700F7F39A /* PBXContainerItemProxy */;
		};
		B202A03228A23E7700F7F39A /* PBXTargetDependency */ = {
			isa = PBXTargetDependency;
			target = B202A01528A23E7300F7F39A /* ToDoAPP */;
			targetProxy = B202A03128A23E7700F7F39A /* PBXContainerItemProxy */;
		};
/* End PBXTargetDependency section */

/* Begin XCBuildConfiguration section */
		B202A03828A23E7700F7F39A /* Debug */ = {
			isa = XCBuildConfiguration;
			buildSettings = {
				ALWAYS_SEARCH_USER_PATHS = NO;
				CLANG_ANALYZER_NONNULL = YES;
				CLANG_ANALYZER_NUMBER_OBJECT_CONVERSION = YES_AGGRESSIVE;
				CLANG_CXX_LANGUAGE_STANDARD = "gnu++17";
				CLANG_CXX_LIBRARY = "libc++";
				CLANG_ENABLE_MODULES = YES;
				CLANG_ENABLE_OBJC_ARC = YES;
				CLANG_ENABLE_OBJC_WEAK = YES;
				CLANG_WARN_BLOCK_CAPTURE_AUTORELEASING = YES;
				CLANG_WARN_BOOL_CONVERSION = YES;
				CLANG_WARN_COMMA = YES;
				CLANG_WARN_CONSTANT_CONVERSION = YES;
				CLANG_WARN_DEPRECATED_OBJC_IMPLEMENTATIONS = YES;
				CLANG_WARN_DIRECT_OBJC_ISA_USAGE = YES_ERROR;
				CLANG_WARN_DOCUMENTATION_COMMENTS = YES;
				CLANG_WARN_EMPTY_BODY = YES;
				CLANG_WARN_ENUM_CONVERSION = YES;
				CLANG_WARN_INFINITE_RECURSION = YES;
				CLANG_WARN_INT_CONVERSION = YES;
				CLANG_WARN_NON_LITERAL_NULL_CONVERSION = YES;
				CLANG_WARN_OBJC_IMPLICIT_RETAIN_SELF = YES;
				CLANG_WARN_OBJC_LITERAL_CONVERSION = YES;
				CLANG_WARN_OBJC_ROOT_CLASS = YES_ERROR;
				CLANG_WARN_QUOTED_INCLUDE_IN_FRAMEWORK_HEADER = YES;
				CLANG_WARN_RANGE_LOOP_ANALYSIS = YES;
				CLANG_WARN_STRICT_PROTOTYPES = YES;
				CLANG_WARN_SUSPICIOUS_MOVE = YES;
				CLANG_WARN_UNGUARDED_AVAILABILITY = YES_AGGRESSIVE;
				CLANG_WARN_UNREACHABLE_CODE = YES;
				CLANG_WARN__DUPLICATE_METHOD_MATCH = YES;
				COPY_PHASE_STRIP = NO;
				DEBUG_INFORMATION_FORMAT = dwarf;
				ENABLE_STRICT_OBJC_MSGSEND = YES;
				ENABLE_TESTABILITY = YES;
				GCC_C_LANGUAGE_STANDARD = gnu11;
				GCC_DYNAMIC_NO_PIC = NO;
				GCC_NO_COMMON_BLOCKS = YES;
				GCC_OPTIMIZATION_LEVEL = 0;
				GCC_PREPROCESSOR_DEFINITIONS = (
					"DEBUG=1",
					"$(inherited)",
				);
				GCC_WARN_64_TO_32_BIT_CONVERSION = YES;
				GCC_WARN_ABOUT_RETURN_TYPE = YES_ERROR;
				GCC_WARN_UNDECLARED_SELECTOR = YES;
				GCC_WARN_UNINITIALIZED_AUTOS = YES_AGGRESSIVE;
				GCC_WARN_UNUSED_FUNCTION = YES;
				GCC_WARN_UNUSED_VARIABLE = YES;
				IPHONEOS_DEPLOYMENT_TARGET = 15.2;
				MTL_ENABLE_DEBUG_INFO = INCLUDE_SOURCE;
				MTL_FAST_MATH = YES;
				ONLY_ACTIVE_ARCH = YES;
				SDKROOT = iphoneos;
				SWIFT_ACTIVE_COMPILATION_CONDITIONS = DEBUG;
				SWIFT_OPTIMIZATION_LEVEL = "-Onone";
			};
			name = Debug;
		};
		B202A03928A23E7700F7F39A /* Release */ = {
			isa = XCBuildConfiguration;
			buildSettings = {
				ALWAYS_SEARCH_USER_PATHS = NO;
				CLANG_ANALYZER_NONNULL = YES;
				CLANG_ANALYZER_NUMBER_OBJECT_CONVERSION = YES_AGGRESSIVE;
				CLANG_CXX_LANGUAGE_STANDARD = "gnu++17";
				CLANG_CXX_LIBRARY = "libc++";
				CLANG_ENABLE_MODULES = YES;
				CLANG_ENABLE_OBJC_ARC = YES;
				CLANG_ENABLE_OBJC_WEAK = YES;
				CLANG_WARN_BLOCK_CAPTURE_AUTORELEASING = YES;
				CLANG_WARN_BOOL_CONVERSION = YES;
				CLANG_WARN_COMMA = YES;
				CLANG_WARN_CONSTANT_CONVERSION = YES;
				CLANG_WARN_DEPRECATED_OBJC_IMPLEMENTATIONS = YES;
				CLANG_WARN_DIRECT_OBJC_ISA_USAGE = YES_ERROR;
				CLANG_WARN_DOCUMENTATION_COMMENTS = YES;
				CLANG_WARN_EMPTY_BODY = YES;
				CLANG_WARN_ENUM_CONVERSION = YES;
				CLANG_WARN_INFINITE_RECURSION = YES;
				CLANG_WARN_INT_CONVERSION = YES;
				CLANG_WARN_NON_LITERAL_NULL_CONVERSION = YES;
				CLANG_WARN_OBJC_IMPLICIT_RETAIN_SELF = YES;
				CLANG_WARN_OBJC_LITERAL_CONVERSION = YES;
				CLANG_WARN_OBJC_ROOT_CLASS = YES_ERROR;
				CLANG_WARN_QUOTED_INCLUDE_IN_FRAMEWORK_HEADER = YES;
				CLANG_WARN_RANGE_LOOP_ANALYSIS = YES;
				CLANG_WARN_STRICT_PROTOTYPES = YES;
				CLANG_WARN_SUSPICIOUS_MOVE = YES;
				CLANG_WARN_UNGUARDED_AVAILABILITY = YES_AGGRESSIVE;
				CLANG_WARN_UNREACHABLE_CODE = YES;
				CLANG_WARN__DUPLICATE_METHOD_MATCH = YES;
				COPY_PHASE_STRIP = NO;
				DEBUG_INFORMATION_FORMAT = "dwarf-with-dsym";
				ENABLE_NS_ASSERTIONS = NO;
				ENABLE_STRICT_OBJC_MSGSEND = YES;
				GCC_C_LANGUAGE_STANDARD = gnu11;
				GCC_NO_COMMON_BLOCKS = YES;
				GCC_WARN_64_TO_32_BIT_CONVERSION = YES;
				GCC_WARN_ABOUT_RETURN_TYPE = YES_ERROR;
				GCC_WARN_UNDECLARED_SELECTOR = YES;
				GCC_WARN_UNINITIALIZED_AUTOS = YES_AGGRESSIVE;
				GCC_WARN_UNUSED_FUNCTION = YES;
				GCC_WARN_UNUSED_VARIABLE = YES;
				IPHONEOS_DEPLOYMENT_TARGET = 15.2;
				MTL_ENABLE_DEBUG_INFO = NO;
				MTL_FAST_MATH = YES;
				SDKROOT = iphoneos;
				SWIFT_COMPILATION_MODE = wholemodule;
				SWIFT_OPTIMIZATION_LEVEL = "-O";
				VALIDATE_PRODUCT = YES;
			};
			name = Release;
		};
		B202A03B28A23E7700F7F39A /* Debug */ = {
			isa = XCBuildConfiguration;
			buildSettings = {
				ASSETCATALOG_COMPILER_APPICON_NAME = AppIcon;
				ASSETCATALOG_COMPILER_GLOBAL_ACCENT_COLOR_NAME = AccentColor;
				CODE_SIGN_STYLE = Automatic;
				CURRENT_PROJECT_VERSION = 1;
				DEVELOPMENT_ASSET_PATHS = "\"ToDoAPP/Preview Content\"";
				ENABLE_PREVIEWS = YES;
				GENERATE_INFOPLIST_FILE = YES;
				INFOPLIST_KEY_UIApplicationSceneManifest_Generation = YES;
				INFOPLIST_KEY_UIApplicationSupportsIndirectInputEvents = YES;
				INFOPLIST_KEY_UILaunchScreen_Generation = YES;
				INFOPLIST_KEY_UISupportedInterfaceOrientations_iPad = "UIInterfaceOrientationPortrait UIInterfaceOrientationPortraitUpsideDown UIInterfaceOrientationLandscapeLeft UIInterfaceOrientationLandscapeRight";
				INFOPLIST_KEY_UISupportedInterfaceOrientations_iPhone = "UIInterfaceOrientationPortrait UIInterfaceOrientationLandscapeLeft UIInterfaceOrientationLandscapeRight";
				LD_RUNPATH_SEARCH_PATHS = (
					"$(inherited)",
					"@executable_path/Frameworks",
				);
				MARKETING_VERSION = 1.0;
				PRODUCT_BUNDLE_IDENTIFIER = com.lesson.demo.ToDoAPP;
				PRODUCT_NAME = "$(TARGET_NAME)";
				SWIFT_EMIT_LOC_STRINGS = YES;
				SWIFT_VERSION = 5.0;
				TARGETED_DEVICE_FAMILY = "1,2";
			};
			name = Debug;
		};
		B202A03C28A23E7700F7F39A /* Release */ = {
			isa = XCBuildConfiguration;
			buildSettings = {
				ASSETCATALOG_COMPILER_APPICON_NAME = AppIcon;
				ASSETCATALOG_COMPILER_GLOBAL_ACCENT_COLOR_NAME = AccentColor;
				CODE_SIGN_STYLE = Automatic;
				CURRENT_PROJECT_VERSION = 1;
				DEVELOPMENT_ASSET_PATHS = "\"ToDoAPP/Preview Content\"";
				ENABLE_PREVIEWS = YES;
				GENERATE_INFOPLIST_FILE = YES;
				INFOPLIST_KEY_UIApplicationSceneManifest_Generation = YES;
				INFOPLIST_KEY_UIApplicationSupportsIndirectInputEvents = YES;
				INFOPLIST_KEY_UILaunchScreen_Generation = YES;
				INFOPLIST_KEY_UISupportedInterfaceOrientations_iPad = "UIInterfaceOrientationPortrait UIInterfaceOrientationPortraitUpsideDown UIInterfaceOrientationLandscapeLeft UIInterfaceOrientationLandscapeRight";
				INFOPLIST_KEY_UISupportedInterfaceOrientations_iPhone = "UIInterfaceOrientationPortrait UIInterfaceOrientationLandscapeLeft UIInterfaceOrientationLandscapeRight";
				LD_RUNPATH_SEARCH_PATHS = (
					"$(inherited)",
					"@executable_path/Frameworks",
				);
				MARKETING_VERSION = 1.0;
				PRODUCT_BUNDLE_IDENTIFIER = com.lesson.demo.ToDoAPP;
				PRODUCT_NAME = "$(TARGET_NAME)";
				SWIFT_EMIT_LOC_STRINGS = YES;
				SWIFT_VERSION = 5.0;
				TARGETED_DEVICE_FAMILY = "1,2";
			};
			name = Release;
		};
		B202A03E28A23E7700F7F39A /* Debug */ = {
			isa = XCBuildConfiguration;
			buildSettings = {
				ALWAYS_EMBED_SWIFT_STANDARD_LIBRARIES = YES;
				BUNDLE_LOADER = "$(TEST_HOST)";
				CODE_SIGN_STYLE = Automatic;
				CURRENT_PROJECT_VERSION = 1;
				GENERATE_INFOPLIST_FILE = YES;
				IPHONEOS_DEPLOYMENT_TARGET = 15.2;
				MARKETING_VERSION = 1.0;
				PRODUCT_BUNDLE_IDENTIFIER = com.lesson.demo.ToDoAPPTests;
				PRODUCT_NAME = "$(TARGET_NAME)";
				SWIFT_EMIT_LOC_STRINGS = NO;
				SWIFT_VERSION = 5.0;
				TARGETED_DEVICE_FAMILY = "1,2";
				TEST_HOST = "$(BUILT_PRODUCTS_DIR)/ToDoAPP.app/ToDoAPP";
			};
			name = Debug;
		};
		B202A03F28A23E7700F7F39A /* Release */ = {
			isa = XCBuildConfiguration;
			buildSettings = {
				ALWAYS_EMBED_SWIFT_STANDARD_LIBRARIES = YES;
				BUNDLE_LOADER = "$(TEST_HOST)";
				CODE_SIGN_STYLE = Automatic;
				CURRENT_PROJECT_VERSION = 1;
				GENERATE_INFOPLIST_FILE = YES;
				IPHONEOS_DEPLOYMENT_TARGET = 15.2;
				MARKETING_VERSION = 1.0;
				PRODUCT_BUNDLE_IDENTIFIER = com.lesson.demo.ToDoAPPTests;
				PRODUCT_NAME = "$(TARGET_NAME)";
				SWIFT_EMIT_LOC_STRINGS = NO;
				SWIFT_VERSION = 5.0;
				TARGETED_DEVICE_FAMILY = "1,2";
				TEST_HOST = "$(BUILT_PRODUCTS_DIR)/ToDoAPP.app/ToDoAPP";
			};
			name = Release;
		};
		B202A04128A23E7700F7F39A /* Debug */ = {
			isa = XCBuildConfiguration;
			buildSettings = {
				ALWAYS_EMBED_SWIFT_STANDARD_LIBRARIES = YES;
				CODE_SIGN_STYLE = Automatic;
				CURRENT_PROJECT_VERSION = 1;
				GENERATE_INFOPLIST_FILE = YES;
				MARKETING_VERSION = 1.0;
				PRODUCT_BUNDLE_IDENTIFIER = com.lesson.demo.ToDoAPPUITests;
				PRODUCT_NAME = "$(TARGET_NAME)";
				SWIFT_EMIT_LOC_STRINGS = NO;
				SWIFT_VERSION = 5.0;
				TARGETED_DEVICE_FAMILY = "1,2";
				TEST_TARGET_NAME = ToDoAPP;
			};
			name = Debug;
		};
		B202A04228A23E7700F7F39A /* Release */ = {
			isa = XCBuildConfiguration;
			buildSettings = {
				ALWAYS_EMBED_SWIFT_STANDARD_LIBRARIES = YES;
				CODE_SIGN_STYLE = Automatic;
				CURRENT_PROJECT_VERSION = 1;
				GENERATE_INFOPLIST_FILE = YES;
				MARKETING_VERSION = 1.0;
				PRODUCT_BUNDLE_IDENTIFIER = com.lesson.demo.ToDoAPPUITests;
				PRODUCT_NAME = "$(TARGET_NAME)";
				SWIFT_EMIT_LOC_STRINGS = NO;
				SWIFT_VERSION = 5.0;
				TARGETED_DEVICE_FAMILY = "1,2";
				TEST_TARGET_NAME = ToDoAPP;
			};
			name = Release;
		};
/* End XCBuildConfiguration section */

/* Begin XCConfigurationList section */
		B202A01128A23E7300F7F39A /* Build configuration list for PBXProject "ToDoAPP" */ = {
			isa = XCConfigurationList;
			buildConfigurations = (
				B202A03828A23E7700F7F39A /* Debug */,
				B202A03928A23E7700F7F39A /* Release */,
			);
			defaultConfigurationIsVisible = 0;
			defaultConfigurationName = Release;
		};
		B202A03A28A23E7700F7F39A /* Build configuration list for PBXNativeTarget "ToDoAPP" */ = {
			isa = XCConfigurationList;
			buildConfigurations = (
				B202A03B28A23E7700F7F39A /* Debug */,
				B202A03C28A23E7700F7F39A /* Release */,
			);
			defaultConfigurationIsVisible = 0;
			defaultConfigurationName = Release;
		};
		B202A03D28A23E7700F7F39A /* Build configuration list for PBXNativeTarget "ToDoAPPTests" */ = {
			isa = XCConfigurationList;
			buildConfigurations = (
				B202A03E28A23E7700F7F39A /* Debug */,
				B202A03F28A23E7700F7F39A /* Release */,
			);
			defaultConfigurationIsVisible = 0;
			defaultConfigurationName = Release;
		};
		B202A04028A23E7700F7F39A /* Build configuration list for PBXNativeTarget "ToDoAPPUITests" */ = {
			isa = XCConfigurationList;
			buildConfigurations = (
				B202A04128A23E7700F7F39A /* Debug */,
				B202A04228A23E7700F7F39A /* Release */,
			);
			defaultConfigurationIsVisible = 0;
			defaultConfigurationName = Release;
		};
/* End XCConfigurationList section */
	};
	rootObject = B202A00E28A23E7300F7F39A /* Project object */;
}
